
Microsoft Visual Studio Solution File, Format Version 12.00
# Visual Studio Version 16
VisualStudioVersion = 16.0.31515.178
MinimumVisualStudioVersion = 10.0.40219.1
Project("{FAE04EC0-301F-11D3-BF4B-00C04F79EFBC}") = "SSRMT3D", "SSRMT3D.csproj", "{A8AFD9A3-9580-4B91-9855-0E0DB6A5120A}"
EndProject
Global
	GlobalSection(SolutionConfigurationPlatforms) = preSolution
		Debug|Any CPU = Debug|Any CPU
		Release|Any CPU = Release|Any CPU
	EndGlobalSection
	GlobalSection(ProjectConfigurationPlatforms) = postSolution
		{A8AFD9A3-9580-4B91-9855-0E0DB6A5120A}.Debug|Any CPU.ActiveCfg = Debug|Any CPU
		{A8AFD9A3-9580-4B91-9855-0E0DB6A5120A}.Debug|Any CPU.Build.0 = Debug|Any CPU
		{A8AFD9A3-9580-4B91-9855-0E0DB6A5120A}.Release|Any CPU.ActiveCfg = Release|Any CPU
		{A8AFD9A3-9580-4B91-9855-0E0DB6A5120A}.Release|Any CPU.Build.0 = Release|Any CPU
	EndGlobalSection
	GlobalSection(SolutionProperties) = preSolution
		HideSolutionNode = FALSE
	EndGlobalSection
	GlobalSection(ExtensibilityGlobals) = postSolution
		SolutionGuid = {2F812B75-0B5F-4011-AB2E-0BC5D28DD3DC}
	EndGlobalSection
EndGlobal
